
Microsoft Visual Studio Solution File, Format Version 12.00
# Visual Studio Version 17
VisualStudioVersion = 17.11.35303.130
MinimumVisualStudioVersion = 10.0.40219.1
Project("{FAE04EC0-301F-11D3-BF4B-00C04F79EFBC}") = "WebApplication1", "WebApplication1.csproj", "{FDB31913-075E-4390-AF5C-7842ECE0444D}"
EndProject
Global
	GlobalSection(SolutionConfigurationPlatforms) = preSolution
		Debug|Any CPU = Debug|Any CPU
		Release|Any CPU = Release|Any CPU
	EndGlobalSection
	GlobalSection(ProjectConfigurationPlatforms) = postSolution
		{FDB31913-075E-4390-AF5C-7842ECE0444D}.Debug|Any CPU.ActiveCfg = Debug|Any CPU
		{FDB31913-075E-4390-AF5C-7842ECE0444D}.Debug|Any CPU.Build.0 = Debug|Any CPU
		{FDB31913-075E-4390-AF5C-7842ECE0444D}.Release|Any CPU.ActiveCfg = Release|Any CPU
		{FDB31913-075E-4390-AF5C-7842ECE0444D}.Release|Any CPU.Build.0 = Release|Any CPU
	EndGlobalSection
	GlobalSection(SolutionProperties) = preSolution
		HideSolutionNode = FALSE
	EndGlobalSection
	GlobalSection(ExtensibilityGlobals) = postSolution
		SolutionGuid = {3B1C8D5F-1AD4-4609-B83F-043B03334F5E}
	EndGlobalSection
EndGlobal
